
Microsoft Visual Studio Solution File, Format Version 11.00
# Visual Studio 2010
Project("{FAE04EC0-301F-11D3-BF4B-00C04F79EFBC}") = "AppsTownProject", "Assembly-CSharp.csproj", "{4DF4FE65-1775-16B7-D892-8E3F638FF15F}"
EndProject
Project("{FAE04EC0-301F-11D3-BF4B-00C04F79EFBC}") = "AppsTownProject", "Assembly-CSharp-Editor.csproj", "{C9BE411B-ED11-692E-2139-690827163825}"
EndProject
Global
	GlobalSection(SolutionConfigurationPlatforms) = preSolution
		Debug|Any CPU = Debug|Any CPU
		Release|Any CPU = Release|Any CPU
	EndGlobalSection
	GlobalSection(ProjectConfigurationPlatforms) = postSolution
		{4DF4FE65-1775-16B7-D892-8E3F638FF15F}.Debug|Any CPU.ActiveCfg = Debug|Any CPU
		{4DF4FE65-1775-16B7-D892-8E3F638FF15F}.Debug|Any CPU.Build.0 = Debug|Any CPU
		{4DF4FE65-1775-16B7-D892-8E3F638FF15F}.Release|Any CPU.ActiveCfg = Release|Any CPU
		{4DF4FE65-1775-16B7-D892-8E3F638FF15F}.Release|Any CPU.Build.0 = Release|Any CPU
		{C9BE411B-ED11-692E-2139-690827163825}.Debug|Any CPU.ActiveCfg = Debug|Any CPU
		{C9BE411B-ED11-692E-2139-690827163825}.Debug|Any CPU.Build.0 = Debug|Any CPU
		{C9BE411B-ED11-692E-2139-690827163825}.Release|Any CPU.ActiveCfg = Release|Any CPU
		{C9BE411B-ED11-692E-2139-690827163825}.Release|Any CPU.Build.0 = Release|Any CPU
	EndGlobalSection
	GlobalSection(SolutionProperties) = preSolution
		HideSolutionNode = FALSE
	EndGlobalSection
	GlobalSection(MonoDevelopProperties) = preSolution
		StartupItem = Assembly-CSharp.csproj
	EndGlobalSection
EndGlobal
