
Microsoft Visual Studio Solution File, Format Version 11.00
# Visual Studio 2010
Project("{FAE04EC0-301F-11D3-BF4B-00C04F79EFBC}") = "TheGame copy", "Assembly-CSharp.csproj", "{AC6DB41E-E7D2-4C8E-BCE9-493C4C53A0A3}"
EndProject
Global
	GlobalSection(SolutionConfigurationPlatforms) = preSolution
		Debug|Any CPU = Debug|Any CPU
		Release|Any CPU = Release|Any CPU
	EndGlobalSection
	GlobalSection(ProjectConfigurationPlatforms) = postSolution
		{AC6DB41E-E7D2-4C8E-BCE9-493C4C53A0A3}.Debug|Any CPU.ActiveCfg = Debug|Any CPU
		{AC6DB41E-E7D2-4C8E-BCE9-493C4C53A0A3}.Debug|Any CPU.Build.0 = Debug|Any CPU
		{AC6DB41E-E7D2-4C8E-BCE9-493C4C53A0A3}.Release|Any CPU.ActiveCfg = Release|Any CPU
		{AC6DB41E-E7D2-4C8E-BCE9-493C4C53A0A3}.Release|Any CPU.Build.0 = Release|Any CPU
	EndGlobalSection
	GlobalSection(SolutionProperties) = preSolution
		HideSolutionNode = FALSE
	EndGlobalSection
	GlobalSection(MonoDevelopProperties) = preSolution
		StartupItem = Assembly-CSharp.csproj
	EndGlobalSection
EndGlobal
